// !$*UTF8*$!
{
	archiveVersion = 1;
	classes = {
	};
	objectVersion = 56;
	objects = {

/* Begin PBXBuildFile section */
		044B84C029FA6C3100A121A8 /* OnboardingViewController.swift in Sources */ = {isa = PBXBuildFile; fileRef = 044B84BF29FA6C3000A121A8 /* OnboardingViewController.swift */; };
		046C4E3B2A05109D00B127A5 /* NSNotificationName.swift in Sources */ = {isa = PBXBuildFile; fileRef = 046C4E3A2A05109D00B127A5 /* NSNotificationName.swift */; };
		046C4E3D2A05157A00B127A5 /* UITextField+SecureToggle.swift in Sources */ = {isa = PBXBuildFile; fileRef = 046C4E3C2A05157A00B127A5 /* UITextField+SecureToggle.swift */; };
		04815F9B29F9AF4400DA9E2F /* OnboardingContainerViewController.swift in Sources */ = {isa = PBXBuildFile; fileRef = 04815F9A29F9AF4400DA9E2F /* OnboardingContainerViewController.swift */; };
		04A5979629FAAEF4007F4FF5 /* DummyViewController.swift in Sources */ = {isa = PBXBuildFile; fileRef = 04A5979529FAAEF4007F4FF5 /* DummyViewController.swift */; };
		04A5979929FAC1EA007F4FF5 /* LocalState.swift in Sources */ = {isa = PBXBuildFile; fileRef = 04A5979829FAC1EA007F4FF5 /* LocalState.swift */; };
		04A5979B29FBB96E007F4FF5 /* UIViewController+Utils.swift in Sources */ = {isa = PBXBuildFile; fileRef = 04A5979A29FBB96E007F4FF5 /* UIViewController+Utils.swift */; };
		04A5979D29FBBD77007F4FF5 /* MainViewController.swift in Sources */ = {isa = PBXBuildFile; fileRef = 04A5979C29FBBD77007F4FF5 /* MainViewController.swift */; };
		04A597A029FFB4B8007F4FF5 /* AccountSummaryViewController.swift in Sources */ = {isa = PBXBuildFile; fileRef = 04A5979F29FFB4B8007F4FF5 /* AccountSummaryViewController.swift */; };
		04A597A229FFBD66007F4FF5 /* AccountSummaryHeaderView.swift in Sources */ = {isa = PBXBuildFile; fileRef = 04A597A129FFBD66007F4FF5 /* AccountSummaryHeaderView.swift */; };
		04A597A429FFBDAC007F4FF5 /* AccountSummaryHeaderView.xib in Resources */ = {isa = PBXBuildFile; fileRef = 04A597A329FFBDAC007F4FF5 /* AccountSummaryHeaderView.xib */; };
		04A597A82A00FF3E007F4FF5 /* AccountSummary Cell.swift in Sources */ = {isa = PBXBuildFile; fileRef = 04A597A72A00FF3E007F4FF5 /* AccountSummary Cell.swift */; };
		04A597AA2A015F42007F4FF5 /* Decimal+Utils.swift in Sources */ = {isa = PBXBuildFile; fileRef = 04A597A92A015F42007F4FF5 /* Decimal+Utils.swift */; };
		04A597AC2A0160A8007F4FF5 /* CurrencyFormatter.swift in Sources */ = {isa = PBXBuildFile; fileRef = 04A597AB2A0160A8007F4FF5 /* CurrencyFormatter.swift */; };
		04A597BB2A028D96007F4FF5 /* CurrencyFormatterTests.swift in Sources */ = {isa = PBXBuildFile; fileRef = 04A597BA2A028D96007F4FF5 /* CurrencyFormatterTests.swift */; };
		04E2536E29F7FF0B0030EE70 /* AppDelegate.swift in Sources */ = {isa = PBXBuildFile; fileRef = 04E2536D29F7FF0B0030EE70 /* AppDelegate.swift */; };
		04E2537229F7FF0B0030EE70 /* LoginViewController.swift in Sources */ = {isa = PBXBuildFile; fileRef = 04E2537129F7FF0B0030EE70 /* LoginViewController.swift */; };
		04E2537729F7FF0E0030EE70 /* Assets.xcassets in Resources */ = {isa = PBXBuildFile; fileRef = 04E2537629F7FF0E0030EE70 /* Assets.xcassets */; };
		04E2537A29F7FF0E0030EE70 /* LaunchScreen.storyboard in Resources */ = {isa = PBXBuildFile; fileRef = 04E2537829F7FF0E0030EE70 /* LaunchScreen.storyboard */; };
		04E2538429F91E3C0030EE70 /* LoginView.swift in Sources */ = {isa = PBXBuildFile; fileRef = 04E2538329F91E3C0030EE70 /* LoginView.swift */; };
/* End PBXBuildFile section */

/* Begin PBXContainerItemProxy section */
		04A597B52A025979007F4FF5 /* PBXContainerItemProxy */ = {
			isa = PBXContainerItemProxy;
			containerPortal = 04E2536229F7FF0B0030EE70 /* Project object */;
			proxyType = 1;
			remoteGlobalIDString = 04E2536929F7FF0B0030EE70;
			remoteInfo = Bankey;
		};
/* End PBXContainerItemProxy section */

/* Begin PBXFileReference section */
		044B84BF29FA6C3000A121A8 /* OnboardingViewController.swift */ = {isa = PBXFileReference; lastKnownFileType = sourcecode.swift; path = OnboardingViewController.swift; sourceTree = "<group>"; };
		046C4E3A2A05109D00B127A5 /* NSNotificationName.swift */ = {isa = PBXFileReference; lastKnownFileType = sourcecode.swift; path = NSNotificationName.swift; sourceTree = "<group>"; };
		046C4E3C2A05157A00B127A5 /* UITextField+SecureToggle.swift */ = {isa = PBXFileReference; lastKnownFileType = sourcecode.swift; path = "UITextField+SecureToggle.swift"; sourceTree = "<group>"; };
		04815F9A29F9AF4400DA9E2F /* OnboardingContainerViewController.swift */ = {isa = PBXFileReference; lastKnownFileType = sourcecode.swift; path = OnboardingContainerViewController.swift; sourceTree = "<group>"; };
		04A5979529FAAEF4007F4FF5 /* DummyViewController.swift */ = {isa = PBXFileReference; lastKnownFileType = sourcecode.swift; path = DummyViewController.swift; sourceTree = "<group>"; };
		04A5979829FAC1EA007F4FF5 /* LocalState.swift */ = {isa = PBXFileReference; lastKnownFileType = sourcecode.swift; path = LocalState.swift; sourceTree = "<group>"; };
		04A5979A29FBB96E007F4FF5 /* UIViewController+Utils.swift */ = {isa = PBXFileReference; lastKnownFileType = sourcecode.swift; path = "UIViewController+Utils.swift"; sourceTree = "<group>"; };
		04A5979C29FBBD77007F4FF5 /* MainViewController.swift */ = {isa = PBXFileReference; lastKnownFileType = sourcecode.swift; path = MainViewController.swift; sourceTree = "<group>"; };
		04A5979F29FFB4B8007F4FF5 /* AccountSummaryViewController.swift */ = {isa = PBXFileReference; lastKnownFileType = sourcecode.swift; path = AccountSummaryViewController.swift; sourceTree = "<group>"; };
		04A597A129FFBD66007F4FF5 /* AccountSummaryHeaderView.swift */ = {isa = PBXFileReference; lastKnownFileType = sourcecode.swift; path = AccountSummaryHeaderView.swift; sourceTree = "<group>"; };
		04A597A329FFBDAC007F4FF5 /* AccountSummaryHeaderView.xib */ = {isa = PBXFileReference; lastKnownFileType = file.xib; path = AccountSummaryHeaderView.xib; sourceTree = "<group>"; };
		04A597A72A00FF3E007F4FF5 /* AccountSummary Cell.swift */ = {isa = PBXFileReference; lastKnownFileType = sourcecode.swift; path = "AccountSummary Cell.swift"; sourceTree = "<group>"; };
		04A597A92A015F42007F4FF5 /* Decimal+Utils.swift */ = {isa = PBXFileReference; lastKnownFileType = sourcecode.swift; path = "Decimal+Utils.swift"; sourceTree = "<group>"; };
		04A597AB2A0160A8007F4FF5 /* CurrencyFormatter.swift */ = {isa = PBXFileReference; lastKnownFileType = sourcecode.swift; path = CurrencyFormatter.swift; sourceTree = "<group>"; };
		04A597B12A025979007F4FF5 /* BankeyUnitTests.xctest */ = {isa = PBXFileReference; explicitFileType = wrapper.cfbundle; includeInIndex = 0; path = BankeyUnitTests.xctest; sourceTree = BUILT_PRODUCTS_DIR; };
		04A597BA2A028D96007F4FF5 /* CurrencyFormatterTests.swift */ = {isa = PBXFileReference; lastKnownFileType = sourcecode.swift; path = CurrencyFormatterTests.swift; sourceTree = "<group>"; };
		04E2536A29F7FF0B0030EE70 /* Bankey.app */ = {isa = PBXFileReference; explicitFileType = wrapper.application; includeInIndex = 0; path = Bankey.app; sourceTree = BUILT_PRODUCTS_DIR; };
		04E2536D29F7FF0B0030EE70 /* AppDelegate.swift */ = {isa = PBXFileReference; lastKnownFileType = sourcecode.swift; path = AppDelegate.swift; sourceTree = "<group>"; };
		04E2537129F7FF0B0030EE70 /* LoginViewController.swift */ = {isa = PBXFileReference; lastKnownFileType = sourcecode.swift; path = LoginViewController.swift; sourceTree = "<group>"; };
		04E2537629F7FF0E0030EE70 /* Assets.xcassets */ = {isa = PBXFileReference; lastKnownFileType = folder.assetcatalog; path = Assets.xcassets; sourceTree = "<group>"; };
		04E2537929F7FF0E0030EE70 /* Base */ = {isa = PBXFileReference; lastKnownFileType = file.storyboard; name = Base; path = Base.lproj/LaunchScreen.storyboard; sourceTree = "<group>"; };
		04E2537B29F7FF0E0030EE70 /* Info.plist */ = {isa = PBXFileReference; lastKnownFileType = text.plist.xml; path = Info.plist; sourceTree = "<group>"; };
		04E2538329F91E3C0030EE70 /* LoginView.swift */ = {isa = PBXFileReference; lastKnownFileType = sourcecode.swift; path = LoginView.swift; sourceTree = "<group>"; };
/* End PBXFileReference section */

/* Begin PBXFrameworksBuildPhase section */
		04A597AE2A025978007F4FF5 /* Frameworks */ = {
			isa = PBXFrameworksBuildPhase;
			buildActionMask = 2147483647;
			files = (
			);
			runOnlyForDeploymentPostprocessing = 0;
		};
		04E2536729F7FF0B0030EE70 /* Frameworks */ = {
			isa = PBXFrameworksBuildPhase;
			buildActionMask = 2147483647;
			files = (
			);
			runOnlyForDeploymentPostprocessing = 0;
		};
/* End PBXFrameworksBuildPhase section */

/* Begin PBXGroup section */
		04815F9929F9AF1600DA9E2F /* Onboarding */ = {
			isa = PBXGroup;
			children = (
				04815F9A29F9AF4400DA9E2F /* OnboardingContainerViewController.swift */,
				044B84BF29FA6C3000A121A8 /* OnboardingViewController.swift */,
			);
			path = Onboarding;
			sourceTree = "<group>";
		};
		04A5979729FAC1D8007F4FF5 /* Utils */ = {
			isa = PBXGroup;
			children = (
				04A5979A29FBB96E007F4FF5 /* UIViewController+Utils.swift */,
				04A597A92A015F42007F4FF5 /* Decimal+Utils.swift */,
				046C4E3C2A05157A00B127A5 /* UITextField+SecureToggle.swift */,
				04A5979829FAC1EA007F4FF5 /* LocalState.swift */,
				04A597AB2A0160A8007F4FF5 /* CurrencyFormatter.swift */,
				046C4E3A2A05109D00B127A5 /* NSNotificationName.swift */,
			);
			path = Utils;
			sourceTree = "<group>";
		};
		04A5979E29FFB479007F4FF5 /* AccountSummary */ = {
			isa = PBXGroup;
			children = (
				04A5979F29FFB4B8007F4FF5 /* AccountSummaryViewController.swift */,
				04A597A52A00FED2007F4FF5 /* Header */,
				04A597A62A00FF07007F4FF5 /* Cells */,
			);
			path = AccountSummary;
			sourceTree = "<group>";
		};
		04A597A52A00FED2007F4FF5 /* Header */ = {
			isa = PBXGroup;
			children = (
				04A597A329FFBDAC007F4FF5 /* AccountSummaryHeaderView.xib */,
				04A597A129FFBD66007F4FF5 /* AccountSummaryHeaderView.swift */,
			);
			path = Header;
			sourceTree = "<group>";
		};
		04A597A62A00FF07007F4FF5 /* Cells */ = {
			isa = PBXGroup;
			children = (
				04A597A72A00FF3E007F4FF5 /* AccountSummary Cell.swift */,
			);
			path = Cells;
			sourceTree = "<group>";
		};
		04A597B22A025979007F4FF5 /* BankeyUnitTests */ = {
			isa = PBXGroup;
			children = (
				04A597BA2A028D96007F4FF5 /* CurrencyFormatterTests.swift */,
			);
			path = BankeyUnitTests;
			sourceTree = "<group>";
		};
		04E2536129F7FF0B0030EE70 = {
			isa = PBXGroup;
			children = (
				04E2536C29F7FF0B0030EE70 /* Bankey */,
				04A597B22A025979007F4FF5 /* BankeyUnitTests */,
				04E2536B29F7FF0B0030EE70 /* Products */,
			);
			sourceTree = "<group>";
		};
		04E2536B29F7FF0B0030EE70 /* Products */ = {
			isa = PBXGroup;
			children = (
				04E2536A29F7FF0B0030EE70 /* Bankey.app */,
				04A597B12A025979007F4FF5 /* BankeyUnitTests.xctest */,
			);
			name = Products;
			sourceTree = "<group>";
		};
		04E2536C29F7FF0B0030EE70 /* Bankey */ = {
			isa = PBXGroup;
			children = (
				04E2536D29F7FF0B0030EE70 /* AppDelegate.swift */,
				04A5979C29FBBD77007F4FF5 /* MainViewController.swift */,
				04E2538229F91E0C0030EE70 /* Login */,
				04815F9929F9AF1600DA9E2F /* Onboarding */,
				04A5979E29FFB479007F4FF5 /* AccountSummary */,
				04A5979729FAC1D8007F4FF5 /* Utils */,
				04E2538129F91DAA0030EE70 /* Files */,
			);
			path = Bankey;
			sourceTree = "<group>";
		};
		04E2538129F91DAA0030EE70 /* Files */ = {
			isa = PBXGroup;
			children = (
				04E2537629F7FF0E0030EE70 /* Assets.xcassets */,
				04E2537829F7FF0E0030EE70 /* LaunchScreen.storyboard */,
				04E2537B29F7FF0E0030EE70 /* Info.plist */,
			);
			name = Files;
			sourceTree = "<group>";
		};
		04E2538229F91E0C0030EE70 /* Login */ = {
			isa = PBXGroup;
			children = (
				04E2538329F91E3C0030EE70 /* LoginView.swift */,
				04E2537129F7FF0B0030EE70 /* LoginViewController.swift */,
				04A5979529FAAEF4007F4FF5 /* DummyViewController.swift */,
			);
			path = Login;
			sourceTree = "<group>";
		};
/* End PBXGroup section */

/* Begin PBXNativeTarget section */
		04A597B02A025978007F4FF5 /* BankeyUnitTests */ = {
			isa = PBXNativeTarget;
			buildConfigurationList = 04A597B72A02597A007F4FF5 /* Build configuration list for PBXNativeTarget "BankeyUnitTests" */;
			buildPhases = (
				04A597AD2A025978007F4FF5 /* Sources */,
				04A597AE2A025978007F4FF5 /* Frameworks */,
				04A597AF2A025978007F4FF5 /* Resources */,
			);
			buildRules = (
			);
			dependencies = (
				04A597B62A025979007F4FF5 /* PBXTargetDependency */,
			);
			name = BankeyUnitTests;
			productName = BankeyUnitTests;
			productReference = 04A597B12A025979007F4FF5 /* BankeyUnitTests.xctest */;
			productType = "com.apple.product-type.bundle.unit-test";
		};
		04E2536929F7FF0B0030EE70 /* Bankey */ = {
			isa = PBXNativeTarget;
			buildConfigurationList = 04E2537E29F7FF0E0030EE70 /* Build configuration list for PBXNativeTarget "Bankey" */;
			buildPhases = (
				04E2536629F7FF0B0030EE70 /* Sources */,
				04E2536729F7FF0B0030EE70 /* Frameworks */,
				04E2536829F7FF0B0030EE70 /* Resources */,
			);
			buildRules = (
			);
			dependencies = (
			);
			name = Bankey;
			productName = Bankey;
			productReference = 04E2536A29F7FF0B0030EE70 /* Bankey.app */;
			productType = "com.apple.product-type.application";
		};
/* End PBXNativeTarget section */

/* Begin PBXProject section */
		04E2536229F7FF0B0030EE70 /* Project object */ = {
			isa = PBXProject;
			attributes = {
				BuildIndependentTargetsInParallel = 1;
				LastSwiftUpdateCheck = 1430;
				LastUpgradeCheck = 1430;
				TargetAttributes = {
					04A597B02A025978007F4FF5 = {
						CreatedOnToolsVersion = 14.3;
						LastSwiftMigration = 1430;
						TestTargetID = 04E2536929F7FF0B0030EE70;
					};
					04E2536929F7FF0B0030EE70 = {
						CreatedOnToolsVersion = 14.3;
					};
				};
			};
			buildConfigurationList = 04E2536529F7FF0B0030EE70 /* Build configuration list for PBXProject "Bankey" */;
			compatibilityVersion = "Xcode 14.0";
			developmentRegion = en;
			hasScannedForEncodings = 0;
			knownRegions = (
				en,
				Base,
			);
			mainGroup = 04E2536129F7FF0B0030EE70;
			productRefGroup = 04E2536B29F7FF0B0030EE70 /* Products */;
			projectDirPath = "";
			projectRoot = "";
			targets = (
				04E2536929F7FF0B0030EE70 /* Bankey */,
				04A597B02A025978007F4FF5 /* BankeyUnitTests */,
			);
		};
/* End PBXProject section */

/* Begin PBXResourcesBuildPhase section */
		04A597AF2A025978007F4FF5 /* Resources */ = {
			isa = PBXResourcesBuildPhase;
			buildActionMask = 2147483647;
			files = (
			);
			runOnlyForDeploymentPostprocessing = 0;
		};
		04E2536829F7FF0B0030EE70 /* Resources */ = {
			isa = PBXResourcesBuildPhase;
			buildActionMask = 2147483647;
			files = (
				04A597A429FFBDAC007F4FF5 /* AccountSummaryHeaderView.xib in Resources */,
				04E2537A29F7FF0E0030EE70 /* LaunchScreen.storyboard in Resources */,
				04E2537729F7FF0E0030EE70 /* Assets.xcassets in Resources */,
			);
			runOnlyForDeploymentPostprocessing = 0;
		};
/* End PBXResourcesBuildPhase section */

/* Begin PBXSourcesBuildPhase section */
		04A597AD2A025978007F4FF5 /* Sources */ = {
			isa = PBXSourcesBuildPhase;
			buildActionMask = 2147483647;
			files = (
				04A597BB2A028D96007F4FF5 /* CurrencyFormatterTests.swift in Sources */,
			);
			runOnlyForDeploymentPostprocessing = 0;
		};
		04E2536629F7FF0B0030EE70 /* Sources */ = {
			isa = PBXSourcesBuildPhase;
			buildActionMask = 2147483647;
			files = (
				04A597AC2A0160A8007F4FF5 /* CurrencyFormatter.swift in Sources */,
				04A5979B29FBB96E007F4FF5 /* UIViewController+Utils.swift in Sources */,
				04E2538429F91E3C0030EE70 /* LoginView.swift in Sources */,
				04A5979929FAC1EA007F4FF5 /* LocalState.swift in Sources */,
				046C4E3D2A05157A00B127A5 /* UITextField+SecureToggle.swift in Sources */,
				04A597A229FFBD66007F4FF5 /* AccountSummaryHeaderView.swift in Sources */,
				04A5979629FAAEF4007F4FF5 /* DummyViewController.swift in Sources */,
				04A597AA2A015F42007F4FF5 /* Decimal+Utils.swift in Sources */,
				046C4E3B2A05109D00B127A5 /* NSNotificationName.swift in Sources */,
				04E2537229F7FF0B0030EE70 /* LoginViewController.swift in Sources */,
				044B84C029FA6C3100A121A8 /* OnboardingViewController.swift in Sources */,
				04A597A82A00FF3E007F4FF5 /* AccountSummary Cell.swift in Sources */,
				04A5979D29FBBD77007F4FF5 /* MainViewController.swift in Sources */,
				04A597A029FFB4B8007F4FF5 /* AccountSummaryViewController.swift in Sources */,
				04E2536E29F7FF0B0030EE70 /* AppDelegate.swift in Sources */,
				04815F9B29F9AF4400DA9E2F /* OnboardingContainerViewController.swift in Sources */,
			);
			runOnlyForDeploymentPostprocessing = 0;
		};
/* End PBXSourcesBuildPhase section */

/* Begin PBXTargetDependency section */
		04A597B62A025979007F4FF5 /* PBXTargetDependency */ = {
			isa = PBXTargetDependency;
			target = 04E2536929F7FF0B0030EE70 /* Bankey */;
			targetProxy = 04A597B52A025979007F4FF5 /* PBXContainerItemProxy */;
		};
/* End PBXTargetDependency section */

/* Begin PBXVariantGroup section */
		04E2537829F7FF0E0030EE70 /* LaunchScreen.storyboard */ = {
			isa = PBXVariantGroup;
			children = (
				04E2537929F7FF0E0030EE70 /* Base */,
			);
			name = LaunchScreen.storyboard;
			sourceTree = "<group>";
		};
/* End PBXVariantGroup section */

/* Begin XCBuildConfiguration section */
		04A597B82A02597A007F4FF5 /* Debug */ = {
			isa = XCBuildConfiguration;
			buildSettings = {
				BUNDLE_LOADER = "$(TEST_HOST)";
				CLANG_ENABLE_MODULES = YES;
				CODE_SIGN_STYLE = Automatic;
				CURRENT_PROJECT_VERSION = 1;
				DEVELOPMENT_TEAM = 9J86PAFJNS;
				GENERATE_INFOPLIST_FILE = YES;
				MARKETING_VERSION = 1.0;
				PRODUCT_BUNDLE_IDENTIFIER = DKJ.BankeyUnitTests;
				PRODUCT_NAME = "$(TARGET_NAME)";
				SWIFT_EMIT_LOC_STRINGS = NO;
				SWIFT_OPTIMIZATION_LEVEL = "-Onone";
				SWIFT_VERSION = 5.0;
				TARGETED_DEVICE_FAMILY = "1,2";
				TEST_HOST = "$(BUILT_PRODUCTS_DIR)/Bankey.app/$(BUNDLE_EXECUTABLE_FOLDER_PATH)/Bankey";
			};
			name = Debug;
		};
		04A597B92A02597A007F4FF5 /* Release */ = {
			isa = XCBuildConfiguration;
			buildSettings = {
				BUNDLE_LOADER = "$(TEST_HOST)";
				CLANG_ENABLE_MODULES = YES;
				CODE_SIGN_STYLE = Automatic;
				CURRENT_PROJECT_VERSION = 1;
				DEVELOPMENT_TEAM = 9J86PAFJNS;
				GENERATE_INFOPLIST_FILE = YES;
				MARKETING_VERSION = 1.0;
				PRODUCT_BUNDLE_IDENTIFIER = DKJ.BankeyUnitTests;
				PRODUCT_NAME = "$(TARGET_NAME)";
				SWIFT_EMIT_LOC_STRINGS = NO;
				SWIFT_VERSION = 5.0;
				TARGETED_DEVICE_FAMILY = "1,2";
				TEST_HOST = "$(BUILT_PRODUCTS_DIR)/Bankey.app/$(BUNDLE_EXECUTABLE_FOLDER_PATH)/Bankey";
			};
			name = Release;
		};
		04E2537C29F7FF0E0030EE70 /* Debug */ = {
			isa = XCBuildConfiguration;
			buildSettings = {
				ALWAYS_SEARCH_USER_PATHS = NO;
				CLANG_ANALYZER_NONNULL = YES;
				CLANG_ANALYZER_NUMBER_OBJECT_CONVERSION = YES_AGGRESSIVE;
				CLANG_CXX_LANGUAGE_STANDARD = "gnu++20";
				CLANG_ENABLE_MODULES = YES;
				CLANG_ENABLE_OBJC_ARC = YES;
				CLANG_ENABLE_OBJC_WEAK = YES;
				CLANG_WARN_BLOCK_CAPTURE_AUTORELEASING = YES;
				CLANG_WARN_BOOL_CONVERSION = YES;
				CLANG_WARN_COMMA = YES;
				CLANG_WARN_CONSTANT_CONVERSION = YES;
				CLANG_WARN_DEPRECATED_OBJC_IMPLEMENTATIONS = YES;
				CLANG_WARN_DIRECT_OBJC_ISA_USAGE = YES_ERROR;
				CLANG_WARN_DOCUMENTATION_COMMENTS = YES;
				CLANG_WARN_EMPTY_BODY = YES;
				CLANG_WARN_ENUM_CONVERSION = YES;
				CLANG_WARN_INFINITE_RECURSION = YES;
				CLANG_WARN_INT_CONVERSION = YES;
				CLANG_WARN_NON_LITERAL_NULL_CONVERSION = YES;
				CLANG_WARN_OBJC_IMPLICIT_RETAIN_SELF = YES;
				CLANG_WARN_OBJC_LITERAL_CONVERSION = YES;
				CLANG_WARN_OBJC_ROOT_CLASS = YES_ERROR;
				CLANG_WARN_QUOTED_INCLUDE_IN_FRAMEWORK_HEADER = YES;
				CLANG_WARN_RANGE_LOOP_ANALYSIS = YES;
				CLANG_WARN_STRICT_PROTOTYPES = YES;
				CLANG_WARN_SUSPICIOUS_MOVE = YES;
				CLANG_WARN_UNGUARDED_AVAILABILITY = YES_AGGRESSIVE;
				CLANG_WARN_UNREACHABLE_CODE = YES;
				CLANG_WARN__DUPLICATE_METHOD_MATCH = YES;
				COPY_PHASE_STRIP = NO;
				DEBUG_INFORMATION_FORMAT = dwarf;
				ENABLE_STRICT_OBJC_MSGSEND = YES;
				ENABLE_TESTABILITY = YES;
				GCC_C_LANGUAGE_STANDARD = gnu11;
				GCC_DYNAMIC_NO_PIC = NO;
				GCC_NO_COMMON_BLOCKS = YES;
				GCC_OPTIMIZATION_LEVEL = 0;
				GCC_PREPROCESSOR_DEFINITIONS = (
					"DEBUG=1",
					"$(inherited)",
				);
				GCC_WARN_64_TO_32_BIT_CONVERSION = YES;
				GCC_WARN_ABOUT_RETURN_TYPE = YES_ERROR;
				GCC_WARN_UNDECLARED_SELECTOR = YES;
				GCC_WARN_UNINITIALIZED_AUTOS = YES_AGGRESSIVE;
				GCC_WARN_UNUSED_FUNCTION = YES;
				GCC_WARN_UNUSED_VARIABLE = YES;
				IPHONEOS_DEPLOYMENT_TARGET = 16.4;
				MTL_ENABLE_DEBUG_INFO = INCLUDE_SOURCE;
				MTL_FAST_MATH = YES;
				ONLY_ACTIVE_ARCH = YES;
				SDKROOT = iphoneos;
				SWIFT_ACTIVE_COMPILATION_CONDITIONS = DEBUG;
				SWIFT_OPTIMIZATION_LEVEL = "-Onone";
			};
			name = Debug;
		};
		04E2537D29F7FF0E0030EE70 /* Release */ = {
			isa = XCBuildConfiguration;
			buildSettings = {
				ALWAYS_SEARCH_USER_PATHS = NO;
				CLANG_ANALYZER_NONNULL = YES;
				CLANG_ANALYZER_NUMBER_OBJECT_CONVERSION = YES_AGGRESSIVE;
				CLANG_CXX_LANGUAGE_STANDARD = "gnu++20";
				CLANG_ENABLE_MODULES = YES;
				CLANG_ENABLE_OBJC_ARC = YES;
				CLANG_ENABLE_OBJC_WEAK = YES;
				CLANG_WARN_BLOCK_CAPTURE_AUTORELEASING = YES;
				CLANG_WARN_BOOL_CONVERSION = YES;
				CLANG_WARN_COMMA = YES;
				CLANG_WARN_CONSTANT_CONVERSION = YES;
				CLANG_WARN_DEPRECATED_OBJC_IMPLEMENTATIONS = YES;
				CLANG_WARN_DIRECT_OBJC_ISA_USAGE = YES_ERROR;
				CLANG_WARN_DOCUMENTATION_COMMENTS = YES;
				CLANG_WARN_EMPTY_BODY = YES;
				CLANG_WARN_ENUM_CONVERSION = YES;
				CLANG_WARN_INFINITE_RECURSION = YES;
				CLANG_WARN_INT_CONVERSION = YES;
				CLANG_WARN_NON_LITERAL_NULL_CONVERSION = YES;
				CLANG_WARN_OBJC_IMPLICIT_RETAIN_SELF = YES;
				CLANG_WARN_OBJC_LITERAL_CONVERSION = YES;
				CLANG_WARN_OBJC_ROOT_CLASS = YES_ERROR;
				CLANG_WARN_QUOTED_INCLUDE_IN_FRAMEWORK_HEADER = YES;
				CLANG_WARN_RANGE_LOOP_ANALYSIS = YES;
				CLANG_WARN_STRICT_PROTOTYPES = YES;
				CLANG_WARN_SUSPICIOUS_MOVE = YES;
				CLANG_WARN_UNGUARDED_AVAILABILITY = YES_AGGRESSIVE;
				CLANG_WARN_UNREACHABLE_CODE = YES;
				CLANG_WARN__DUPLICATE_METHOD_MATCH = YES;
				COPY_PHASE_STRIP = NO;
				DEBUG_INFORMATION_FORMAT = "dwarf-with-dsym";
				ENABLE_NS_ASSERTIONS = NO;
				ENABLE_STRICT_OBJC_MSGSEND = YES;
				GCC_C_LANGUAGE_STANDARD = gnu11;
				GCC_NO_COMMON_BLOCKS = YES;
				GCC_WARN_64_TO_32_BIT_CONVERSION = YES;
				GCC_WARN_ABOUT_RETURN_TYPE = YES_ERROR;
				GCC_WARN_UNDECLARED_SELECTOR = YES;
				GCC_WARN_UNINITIALIZED_AUTOS = YES_AGGRESSIVE;
				GCC_WARN_UNUSED_FUNCTION = YES;
				GCC_WARN_UNUSED_VARIABLE = YES;
				IPHONEOS_DEPLOYMENT_TARGET = 16.4;
				MTL_ENABLE_DEBUG_INFO = NO;
				MTL_FAST_MATH = YES;
				SDKROOT = iphoneos;
				SWIFT_COMPILATION_MODE = wholemodule;
				SWIFT_OPTIMIZATION_LEVEL = "-O";
				VALIDATE_PRODUCT = YES;
			};
			name = Release;
		};
		04E2537F29F7FF0E0030EE70 /* Debug */ = {
			isa = XCBuildConfiguration;
			buildSettings = {
				ASSETCATALOG_COMPILER_APPICON_NAME = AppIcon;
				ASSETCATALOG_COMPILER_GLOBAL_ACCENT_COLOR_NAME = AccentColor;
				CODE_SIGN_STYLE = Automatic;
				CURRENT_PROJECT_VERSION = 1;
				DEVELOPMENT_TEAM = 9J86PAFJNS;
				GENERATE_INFOPLIST_FILE = YES;
				INFOPLIST_FILE = Bankey/Info.plist;
				INFOPLIST_KEY_UIApplicationSupportsIndirectInputEvents = YES;
				INFOPLIST_KEY_UILaunchStoryboardName = LaunchScreen;
				INFOPLIST_KEY_UISupportedInterfaceOrientations_iPad = "UIInterfaceOrientationPortrait UIInterfaceOrientationPortraitUpsideDown UIInterfaceOrientationLandscapeLeft UIInterfaceOrientationLandscapeRight";
				INFOPLIST_KEY_UISupportedInterfaceOrientations_iPhone = "UIInterfaceOrientationPortrait UIInterfaceOrientationLandscapeLeft UIInterfaceOrientationLandscapeRight";
				LD_RUNPATH_SEARCH_PATHS = (
					"$(inherited)",
					"@executable_path/Frameworks",
				);
				MARKETING_VERSION = 1.0;
				PRODUCT_BUNDLE_IDENTIFIER = DKJ.Bankey;
				PRODUCT_NAME = "$(TARGET_NAME)";
				SWIFT_EMIT_LOC_STRINGS = YES;
				SWIFT_VERSION = 5.0;
				TARGETED_DEVICE_FAMILY = "1,2";
			};
			name = Debug;
		};
		04E2538029F7FF0E0030EE70 /* Release */ = {
			isa = XCBuildConfiguration;
			buildSettings = {
				ASSETCATALOG_COMPILER_APPICON_NAME = AppIcon;
				ASSETCATALOG_COMPILER_GLOBAL_ACCENT_COLOR_NAME = AccentColor;
				CODE_SIGN_STYLE = Automatic;
				CURRENT_PROJECT_VERSION = 1;
				DEVELOPMENT_TEAM = 9J86PAFJNS;
				GENERATE_INFOPLIST_FILE = YES;
				INFOPLIST_FILE = Bankey/Info.plist;
				INFOPLIST_KEY_UIApplicationSupportsIndirectInputEvents = YES;
				INFOPLIST_KEY_UILaunchStoryboardName = LaunchScreen;
				INFOPLIST_KEY_UISupportedInterfaceOrientations_iPad = "UIInterfaceOrientationPortrait UIInterfaceOrientationPortraitUpsideDown UIInterfaceOrientationLandscapeLeft UIInterfaceOrientationLandscapeRight";
				INFOPLIST_KEY_UISupportedInterfaceOrientations_iPhone = "UIInterfaceOrientationPortrait UIInterfaceOrientationLandscapeLeft UIInterfaceOrientationLandscapeRight";
				LD_RUNPATH_SEARCH_PATHS = (
					"$(inherited)",
					"@executable_path/Frameworks",
				);
				MARKETING_VERSION = 1.0;
				PRODUCT_BUNDLE_IDENTIFIER = DKJ.Bankey;
				PRODUCT_NAME = "$(TARGET_NAME)";
				SWIFT_EMIT_LOC_STRINGS = YES;
				SWIFT_VERSION = 5.0;
				TARGETED_DEVICE_FAMILY = "1,2";
			};
			name = Release;
		};
/* End XCBuildConfiguration section */

/* Begin XCConfigurationList section */
		04A597B72A02597A007F4FF5 /* Build configuration list for PBXNativeTarget "BankeyUnitTests" */ = {
			isa = XCConfigurationList;
			buildConfigurations = (
				04A597B82A02597A007F4FF5 /* Debug */,
				04A597B92A02597A007F4FF5 /* Release */,
			);
			defaultConfigurationIsVisible = 0;
			defaultConfigurationName = Release;
		};
		04E2536529F7FF0B0030EE70 /* Build configuration list for PBXProject "Bankey" */ = {
			isa = XCConfigurationList;
			buildConfigurations = (
				04E2537C29F7FF0E0030EE70 /* Debug */,
				04E2537D29F7FF0E0030EE70 /* Release */,
			);
			defaultConfigurationIsVisible = 0;
			defaultConfigurationName = Release;
		};
		04E2537E29F7FF0E0030EE70 /* Build configuration list for PBXNativeTarget "Bankey" */ = {
			isa = XCConfigurationList;
			buildConfigurations = (
				04E2537F29F7FF0E0030EE70 /* Debug */,
				04E2538029F7FF0E0030EE70 /* Release */,
			);
			defaultConfigurationIsVisible = 0;
			defaultConfigurationName = Release;
		};
/* End XCConfigurationList section */
	};
	rootObject = 04E2536229F7FF0B0030EE70 /* Project object */;
}
